
Microsoft Visual Studio Solution File, Format Version 12.00
# Visual Studio Version 16
VisualStudioVersion = 16.0.28803.202
MinimumVisualStudioVersion = 10.0.40219.1
Project("{FAE04EC0-301F-11D3-BF4B-00C04F79EFBC}") = "Main", "Main\Main.csproj", "{C9EFCDF3-D98C-48E6-BB0F-B0A6A6001542}"
EndProject
Project("{FAE04EC0-301F-11D3-BF4B-00C04F79EFBC}") = "Test", "Test\Test.csproj", "{42F2152A-ACEA-430E-994B-EDC04FD5E0D5}"
EndProject
Global
	GlobalSection(SolutionConfigurationPlatforms) = preSolution
		Debug|Any CPU = Debug|Any CPU
		Release|Any CPU = Release|Any CPU
	EndGlobalSection
	GlobalSection(ProjectConfigurationPlatforms) = postSolution
		{C9EFCDF3-D98C-48E6-BB0F-B0A6A6001542}.Debug|Any CPU.ActiveCfg = Debug|Any CPU
		{C9EFCDF3-D98C-48E6-BB0F-B0A6A6001542}.Debug|Any CPU.Build.0 = Debug|Any CPU
		{C9EFCDF3-D98C-48E6-BB0F-B0A6A6001542}.Release|Any CPU.ActiveCfg = Release|Any CPU
		{C9EFCDF3-D98C-48E6-BB0F-B0A6A6001542}.Release|Any CPU.Build.0 = Release|Any CPU
		{42F2152A-ACEA-430E-994B-EDC04FD5E0D5}.Debug|Any CPU.ActiveCfg = Debug|Any CPU
		{42F2152A-ACEA-430E-994B-EDC04FD5E0D5}.Debug|Any CPU.Build.0 = Debug|Any CPU
		{42F2152A-ACEA-430E-994B-EDC04FD5E0D5}.Release|Any CPU.ActiveCfg = Release|Any CPU
		{42F2152A-ACEA-430E-994B-EDC04FD5E0D5}.Release|Any CPU.Build.0 = Release|Any CPU
	EndGlobalSection
	GlobalSection(SolutionProperties) = preSolution
		HideSolutionNode = FALSE
	EndGlobalSection
	GlobalSection(ExtensibilityGlobals) = postSolution
		SolutionGuid = {E6E67E24-7ED2-44FC-BF5C-8D6D7B8C8D2D}
	EndGlobalSection
EndGlobal
